
Microsoft Visual Studio Solution File, Format Version 12.00
# Visual Studio Version 16
VisualStudioVersion = 16.0.32228.343
MinimumVisualStudioVersion = 10.0.40219.1
Project("{FAE04EC0-301F-11D3-BF4B-00C04F79EFBC}") = "Modelo Libros2", "Modelo Libros2\Modelo Libros2.csproj", "{84FCE72A-9C0A-4C68-93CE-6F3B694457A5}"
EndProject
Project("{FAE04EC0-301F-11D3-BF4B-00C04F79EFBC}") = "Test", "Test\Test.csproj", "{D46ED786-9355-45E8-BE7F-B22157117559}"
EndProject
Global
	GlobalSection(SolutionConfigurationPlatforms) = preSolution
		Debug|Any CPU = Debug|Any CPU
		Release|Any CPU = Release|Any CPU
	EndGlobalSection
	GlobalSection(ProjectConfigurationPlatforms) = postSolution
		{84FCE72A-9C0A-4C68-93CE-6F3B694457A5}.Debug|Any CPU.ActiveCfg = Debug|Any CPU
		{84FCE72A-9C0A-4C68-93CE-6F3B694457A5}.Debug|Any CPU.Build.0 = Debug|Any CPU
		{84FCE72A-9C0A-4C68-93CE-6F3B694457A5}.Release|Any CPU.ActiveCfg = Release|Any CPU
		{84FCE72A-9C0A-4C68-93CE-6F3B694457A5}.Release|Any CPU.Build.0 = Release|Any CPU
		{D46ED786-9355-45E8-BE7F-B22157117559}.Debug|Any CPU.ActiveCfg = Debug|Any CPU
		{D46ED786-9355-45E8-BE7F-B22157117559}.Debug|Any CPU.Build.0 = Debug|Any CPU
		{D46ED786-9355-45E8-BE7F-B22157117559}.Release|Any CPU.ActiveCfg = Release|Any CPU
		{D46ED786-9355-45E8-BE7F-B22157117559}.Release|Any CPU.Build.0 = Release|Any CPU
	EndGlobalSection
	GlobalSection(SolutionProperties) = preSolution
		HideSolutionNode = FALSE
	EndGlobalSection
	GlobalSection(ExtensibilityGlobals) = postSolution
		SolutionGuid = {F5CF41CD-C0CD-4CD7-BBBF-0909EABA2727}
	EndGlobalSection
EndGlobal
