
Microsoft Visual Studio Solution File, Format Version 12.00
# Visual Studio Version 16
VisualStudioVersion = 16.0.32228.343
MinimumVisualStudioVersion = 10.0.40219.1
Project("{FAE04EC0-301F-11D3-BF4B-00C04F79EFBC}") = "Ejercicio I01-El relojero", "Ejercicio I01-El relojero\Ejercicio I01-El relojero.csproj", "{29911B94-9C46-4411-8A8D-4591A781FD70}"
EndProject
Global
	GlobalSection(SolutionConfigurationPlatforms) = preSolution
		Debug|Any CPU = Debug|Any CPU
		Release|Any CPU = Release|Any CPU
	EndGlobalSection
	GlobalSection(ProjectConfigurationPlatforms) = postSolution
		{29911B94-9C46-4411-8A8D-4591A781FD70}.Debug|Any CPU.ActiveCfg = Debug|Any CPU
		{29911B94-9C46-4411-8A8D-4591A781FD70}.Debug|Any CPU.Build.0 = Debug|Any CPU
		{29911B94-9C46-4411-8A8D-4591A781FD70}.Release|Any CPU.ActiveCfg = Release|Any CPU
		{29911B94-9C46-4411-8A8D-4591A781FD70}.Release|Any CPU.Build.0 = Release|Any CPU
	EndGlobalSection
	GlobalSection(SolutionProperties) = preSolution
		HideSolutionNode = FALSE
	EndGlobalSection
	GlobalSection(ExtensibilityGlobals) = postSolution
		SolutionGuid = {1A49D76A-5382-4183-973B-20A98DEC7E52}
	EndGlobalSection
EndGlobal
